
Microsoft Visual Studio Solution File, Format Version 12.00
# Visual Studio Version 16
VisualStudioVersion = 16.0.30907.101
MinimumVisualStudioVersion = 10.0.40219.1
Project("{2150E333-8FDC-42A3-9474-1A3956D46DE8}") = "Solution Files", "Solution Files", "{8DF1C660-59FB-4BA0-B933-A3E05BF81C8E}"
	ProjectSection(SolutionItems) = preProject
		.gitignore = .gitignore
		Directory.Build.props = Directory.Build.props
		README.md = README.md
	EndProjectSection
EndProject
Project("{9A19103F-16F7-4668-BE54-9A1E7A4F7556}") = "SfmlApp", "SfmlApp\SfmlApp.csproj", "{74103E47-5E20-4DAF-BE3B-64A6921C0AD7}"
EndProject
Project("{9A19103F-16F7-4668-BE54-9A1E7A4F7556}") = "Game", "Game\Game.csproj", "{1618207F-54C0-448F-8305-197AD490AC3F}"
EndProject
Project("{9A19103F-16F7-4668-BE54-9A1E7A4F7556}") = "ConsoleGameEngineCore", "Vendor\ConsoleGameEngine-Core-0.0.3\ConsoleGameEngineCore.csproj", "{FDA564F4-D96C-4CEE-A74A-7564ECB31029}"
EndProject
Project("{9A19103F-16F7-4668-BE54-9A1E7A4F7556}") = "DAL", "DAL\DAL.csproj", "{27960417-CCEA-40BB-8F9C-760949DF1DA4}"
EndProject
Project("{9A19103F-16F7-4668-BE54-9A1E7A4F7556}") = "Tests", "Tests\Tests.csproj", "{5EC8BB53-E7C3-43A6-A835-99EFBDC2F723}"
EndProject
Project("{9A19103F-16F7-4668-BE54-9A1E7A4F7556}") = "WebApp", "WebApp\WebApp.csproj", "{9B061C69-5582-4DEF-A8B0-B8A2706CE0EE}"
EndProject
Project("{9A19103F-16F7-4668-BE54-9A1E7A4F7556}") = "Domain", "Domain\Domain.csproj", "{18ED55C5-0A86-4ADD-9599-5DE653E9D99F}"
EndProject
Project("{FAE04EC0-301F-11D3-BF4B-00C04F79EFBC}") = "PureConsoleApp", "PureConsoleApp\PureConsoleApp.csproj", "{B31D3261-6407-4636-A0E9-DA6168FDAC46}"
EndProject
Project("{FAE04EC0-301F-11D3-BF4B-00C04F79EFBC}") = "TerminalGuiMenu", "TerminalGuiMenu\TerminalGuiMenu.csproj", "{A830132C-5CE0-4F46-83F0-54330B2C2401}"
EndProject
Project("{FAE04EC0-301F-11D3-BF4B-00C04F79EFBC}") = "Sdl2App", "Sdl2App\Sdl2App.csproj", "{D116F011-CEB4-4722-BF20-1DD23E15D320}"
EndProject
Project("{FAE04EC0-301F-11D3-BF4B-00C04F79EFBC}") = "Utils", "Utils\Utils.csproj", "{C2FE111E-FF69-4CA1-A97B-7DA1F3555EFB}"
EndProject
Global
	GlobalSection(SolutionConfigurationPlatforms) = preSolution
		Debug|Any CPU = Debug|Any CPU
		Debug|x64 = Debug|x64
		Debug64|Any CPU = Debug64|Any CPU
		Debug64|x64 = Debug64|x64
		Release|Any CPU = Release|Any CPU
		Release|x64 = Release|x64
	EndGlobalSection
	GlobalSection(ProjectConfigurationPlatforms) = postSolution
		{74103E47-5E20-4DAF-BE3B-64A6921C0AD7}.Debug|x64.ActiveCfg = Debug|x64
		{74103E47-5E20-4DAF-BE3B-64A6921C0AD7}.Debug|x64.Build.0 = Debug|x64
		{74103E47-5E20-4DAF-BE3B-64A6921C0AD7}.Debug64|Any CPU.ActiveCfg = Debug64|Any CPU
		{74103E47-5E20-4DAF-BE3B-64A6921C0AD7}.Debug64|Any CPU.Build.0 = Debug64|Any CPU
		{74103E47-5E20-4DAF-BE3B-64A6921C0AD7}.Debug64|x64.ActiveCfg = Debug64|x64
		{74103E47-5E20-4DAF-BE3B-64A6921C0AD7}.Debug64|x64.Build.0 = Debug64|x64
		{74103E47-5E20-4DAF-BE3B-64A6921C0AD7}.Release|Any CPU.ActiveCfg = Release|Any CPU
		{74103E47-5E20-4DAF-BE3B-64A6921C0AD7}.Release|Any CPU.Build.0 = Release|Any CPU
		{74103E47-5E20-4DAF-BE3B-64A6921C0AD7}.Release|x64.ActiveCfg = Release|x64
		{74103E47-5E20-4DAF-BE3B-64A6921C0AD7}.Release|x64.Build.0 = Release|x64
		{74103E47-5E20-4DAF-BE3B-64A6921C0AD7}.Debug|Any CPU.ActiveCfg = Debug|Any CPU
		{74103E47-5E20-4DAF-BE3B-64A6921C0AD7}.Debug|Any CPU.Build.0 = Debug|Any CPU
		{1618207F-54C0-448F-8305-197AD490AC3F}.Debug|Any CPU.ActiveCfg = Debug|x64
		{1618207F-54C0-448F-8305-197AD490AC3F}.Debug|Any CPU.Build.0 = Debug|x64
		{1618207F-54C0-448F-8305-197AD490AC3F}.Debug|x64.ActiveCfg = Debug|x64
		{1618207F-54C0-448F-8305-197AD490AC3F}.Debug|x64.Build.0 = Debug|x64
		{1618207F-54C0-448F-8305-197AD490AC3F}.Debug64|Any CPU.ActiveCfg = Debug64|Any CPU
		{1618207F-54C0-448F-8305-197AD490AC3F}.Debug64|Any CPU.Build.0 = Debug64|Any CPU
		{1618207F-54C0-448F-8305-197AD490AC3F}.Debug64|x64.ActiveCfg = Debug64|x64
		{1618207F-54C0-448F-8305-197AD490AC3F}.Debug64|x64.Build.0 = Debug64|x64
		{1618207F-54C0-448F-8305-197AD490AC3F}.Release|Any CPU.ActiveCfg = Release|Any CPU
		{1618207F-54C0-448F-8305-197AD490AC3F}.Release|Any CPU.Build.0 = Release|Any CPU
		{1618207F-54C0-448F-8305-197AD490AC3F}.Release|x64.ActiveCfg = Release|x64
		{1618207F-54C0-448F-8305-197AD490AC3F}.Release|x64.Build.0 = Release|x64
		{FDA564F4-D96C-4CEE-A74A-7564ECB31029}.Debug|Any CPU.ActiveCfg = Debug|Any CPU
		{FDA564F4-D96C-4CEE-A74A-7564ECB31029}.Debug|Any CPU.Build.0 = Debug|Any CPU
		{FDA564F4-D96C-4CEE-A74A-7564ECB31029}.Debug|x64.ActiveCfg = Debug|x64
		{FDA564F4-D96C-4CEE-A74A-7564ECB31029}.Debug|x64.Build.0 = Debug|x64
		{FDA564F4-D96C-4CEE-A74A-7564ECB31029}.Debug64|Any CPU.ActiveCfg = Debug64|Any CPU
		{FDA564F4-D96C-4CEE-A74A-7564ECB31029}.Debug64|Any CPU.Build.0 = Debug64|Any CPU
		{FDA564F4-D96C-4CEE-A74A-7564ECB31029}.Debug64|x64.ActiveCfg = Debug64|x64
		{FDA564F4-D96C-4CEE-A74A-7564ECB31029}.Debug64|x64.Build.0 = Debug64|x64
		{FDA564F4-D96C-4CEE-A74A-7564ECB31029}.Release|Any CPU.ActiveCfg = Release|Any CPU
		{FDA564F4-D96C-4CEE-A74A-7564ECB31029}.Release|Any CPU.Build.0 = Release|Any CPU
		{FDA564F4-D96C-4CEE-A74A-7564ECB31029}.Release|x64.ActiveCfg = Release|x64
		{FDA564F4-D96C-4CEE-A74A-7564ECB31029}.Release|x64.Build.0 = Release|x64
		{27960417-CCEA-40BB-8F9C-760949DF1DA4}.Debug|Any CPU.ActiveCfg = Debug|Any CPU
		{27960417-CCEA-40BB-8F9C-760949DF1DA4}.Debug|Any CPU.Build.0 = Debug|Any CPU
		{27960417-CCEA-40BB-8F9C-760949DF1DA4}.Debug|x64.ActiveCfg = Debug|x64
		{27960417-CCEA-40BB-8F9C-760949DF1DA4}.Debug|x64.Build.0 = Debug|x64
		{27960417-CCEA-40BB-8F9C-760949DF1DA4}.Debug64|Any CPU.ActiveCfg = Debug64|Any CPU
		{27960417-CCEA-40BB-8F9C-760949DF1DA4}.Debug64|Any CPU.Build.0 = Debug64|Any CPU
		{27960417-CCEA-40BB-8F9C-760949DF1DA4}.Debug64|x64.ActiveCfg = Debug64|x64
		{27960417-CCEA-40BB-8F9C-760949DF1DA4}.Debug64|x64.Build.0 = Debug64|x64
		{27960417-CCEA-40BB-8F9C-760949DF1DA4}.Release|Any CPU.ActiveCfg = Release|Any CPU
		{27960417-CCEA-40BB-8F9C-760949DF1DA4}.Release|Any CPU.Build.0 = Release|Any CPU
		{27960417-CCEA-40BB-8F9C-760949DF1DA4}.Release|x64.ActiveCfg = Release|x64
		{27960417-CCEA-40BB-8F9C-760949DF1DA4}.Release|x64.Build.0 = Release|x64
		{5EC8BB53-E7C3-43A6-A835-99EFBDC2F723}.Debug|x64.ActiveCfg = Debug|x64
		{5EC8BB53-E7C3-43A6-A835-99EFBDC2F723}.Debug|x64.Build.0 = Debug|x64
		{5EC8BB53-E7C3-43A6-A835-99EFBDC2F723}.Debug64|Any CPU.ActiveCfg = Debug64|Any CPU
		{5EC8BB53-E7C3-43A6-A835-99EFBDC2F723}.Debug64|Any CPU.Build.0 = Debug64|Any CPU
		{5EC8BB53-E7C3-43A6-A835-99EFBDC2F723}.Debug64|x64.ActiveCfg = Debug64|x64
		{5EC8BB53-E7C3-43A6-A835-99EFBDC2F723}.Debug64|x64.Build.0 = Debug64|x64
		{5EC8BB53-E7C3-43A6-A835-99EFBDC2F723}.Release|Any CPU.ActiveCfg = Release|Any CPU
		{5EC8BB53-E7C3-43A6-A835-99EFBDC2F723}.Release|Any CPU.Build.0 = Release|Any CPU
		{5EC8BB53-E7C3-43A6-A835-99EFBDC2F723}.Release|x64.ActiveCfg = Release|x64
		{5EC8BB53-E7C3-43A6-A835-99EFBDC2F723}.Release|x64.Build.0 = Release|x64
		{5EC8BB53-E7C3-43A6-A835-99EFBDC2F723}.Debug|Any CPU.ActiveCfg = Debug|Any CPU
		{5EC8BB53-E7C3-43A6-A835-99EFBDC2F723}.Debug|Any CPU.Build.0 = Debug|Any CPU
		{9B061C69-5582-4DEF-A8B0-B8A2706CE0EE}.Debug|Any CPU.ActiveCfg = Debug|Any CPU
		{9B061C69-5582-4DEF-A8B0-B8A2706CE0EE}.Debug|Any CPU.Build.0 = Debug|Any CPU
		{9B061C69-5582-4DEF-A8B0-B8A2706CE0EE}.Debug|x64.ActiveCfg = Debug|Any CPU
		{9B061C69-5582-4DEF-A8B0-B8A2706CE0EE}.Debug|x64.Build.0 = Debug|Any CPU
		{9B061C69-5582-4DEF-A8B0-B8A2706CE0EE}.Debug64|Any CPU.ActiveCfg = Debug|Any CPU
		{9B061C69-5582-4DEF-A8B0-B8A2706CE0EE}.Debug64|Any CPU.Build.0 = Debug|Any CPU
		{9B061C69-5582-4DEF-A8B0-B8A2706CE0EE}.Debug64|x64.ActiveCfg = Debug|Any CPU
		{9B061C69-5582-4DEF-A8B0-B8A2706CE0EE}.Debug64|x64.Build.0 = Debug|Any CPU
		{9B061C69-5582-4DEF-A8B0-B8A2706CE0EE}.Release|Any CPU.ActiveCfg = Release|Any CPU
		{9B061C69-5582-4DEF-A8B0-B8A2706CE0EE}.Release|Any CPU.Build.0 = Release|Any CPU
		{9B061C69-5582-4DEF-A8B0-B8A2706CE0EE}.Release|x64.ActiveCfg = Release|Any CPU
		{9B061C69-5582-4DEF-A8B0-B8A2706CE0EE}.Release|x64.Build.0 = Release|Any CPU
		{18ED55C5-0A86-4ADD-9599-5DE653E9D99F}.Debug|Any CPU.ActiveCfg = Debug|Any CPU
		{18ED55C5-0A86-4ADD-9599-5DE653E9D99F}.Debug|Any CPU.Build.0 = Debug|Any CPU
		{18ED55C5-0A86-4ADD-9599-5DE653E9D99F}.Debug|x64.ActiveCfg = Debug|Any CPU
		{18ED55C5-0A86-4ADD-9599-5DE653E9D99F}.Debug|x64.Build.0 = Debug|Any CPU
		{18ED55C5-0A86-4ADD-9599-5DE653E9D99F}.Debug64|Any CPU.ActiveCfg = Debug|Any CPU
		{18ED55C5-0A86-4ADD-9599-5DE653E9D99F}.Debug64|Any CPU.Build.0 = Debug|Any CPU
		{18ED55C5-0A86-4ADD-9599-5DE653E9D99F}.Debug64|x64.ActiveCfg = Debug|Any CPU
		{18ED55C5-0A86-4ADD-9599-5DE653E9D99F}.Debug64|x64.Build.0 = Debug|Any CPU
		{18ED55C5-0A86-4ADD-9599-5DE653E9D99F}.Release|Any CPU.ActiveCfg = Release|Any CPU
		{18ED55C5-0A86-4ADD-9599-5DE653E9D99F}.Release|Any CPU.Build.0 = Release|Any CPU
		{18ED55C5-0A86-4ADD-9599-5DE653E9D99F}.Release|x64.ActiveCfg = Release|Any CPU
		{18ED55C5-0A86-4ADD-9599-5DE653E9D99F}.Release|x64.Build.0 = Release|Any CPU
		{B31D3261-6407-4636-A0E9-DA6168FDAC46}.Debug|Any CPU.ActiveCfg = Debug|Any CPU
		{B31D3261-6407-4636-A0E9-DA6168FDAC46}.Debug|Any CPU.Build.0 = Debug|Any CPU
		{B31D3261-6407-4636-A0E9-DA6168FDAC46}.Debug|x64.ActiveCfg = Debug|Any CPU
		{B31D3261-6407-4636-A0E9-DA6168FDAC46}.Debug|x64.Build.0 = Debug|Any CPU
		{B31D3261-6407-4636-A0E9-DA6168FDAC46}.Debug64|Any CPU.ActiveCfg = Debug|Any CPU
		{B31D3261-6407-4636-A0E9-DA6168FDAC46}.Debug64|Any CPU.Build.0 = Debug|Any CPU
		{B31D3261-6407-4636-A0E9-DA6168FDAC46}.Debug64|x64.ActiveCfg = Debug|Any CPU
		{B31D3261-6407-4636-A0E9-DA6168FDAC46}.Debug64|x64.Build.0 = Debug|Any CPU
		{B31D3261-6407-4636-A0E9-DA6168FDAC46}.Release|Any CPU.ActiveCfg = Release|Any CPU
		{B31D3261-6407-4636-A0E9-DA6168FDAC46}.Release|Any CPU.Build.0 = Release|Any CPU
		{B31D3261-6407-4636-A0E9-DA6168FDAC46}.Release|x64.ActiveCfg = Release|Any CPU
		{B31D3261-6407-4636-A0E9-DA6168FDAC46}.Release|x64.Build.0 = Release|Any CPU
		{A830132C-5CE0-4F46-83F0-54330B2C2401}.Debug|Any CPU.ActiveCfg = Debug|Any CPU
		{A830132C-5CE0-4F46-83F0-54330B2C2401}.Debug|Any CPU.Build.0 = Debug|Any CPU
		{A830132C-5CE0-4F46-83F0-54330B2C2401}.Debug|x64.ActiveCfg = Debug|Any CPU
		{A830132C-5CE0-4F46-83F0-54330B2C2401}.Debug|x64.Build.0 = Debug|Any CPU
		{A830132C-5CE0-4F46-83F0-54330B2C2401}.Debug64|Any CPU.ActiveCfg = Debug|Any CPU
		{A830132C-5CE0-4F46-83F0-54330B2C2401}.Debug64|Any CPU.Build.0 = Debug|Any CPU
		{A830132C-5CE0-4F46-83F0-54330B2C2401}.Debug64|x64.ActiveCfg = Debug|Any CPU
		{A830132C-5CE0-4F46-83F0-54330B2C2401}.Debug64|x64.Build.0 = Debug|Any CPU
		{A830132C-5CE0-4F46-83F0-54330B2C2401}.Release|Any CPU.ActiveCfg = Release|Any CPU
		{A830132C-5CE0-4F46-83F0-54330B2C2401}.Release|Any CPU.Build.0 = Release|Any CPU
		{A830132C-5CE0-4F46-83F0-54330B2C2401}.Release|x64.ActiveCfg = Release|Any CPU
		{A830132C-5CE0-4F46-83F0-54330B2C2401}.Release|x64.Build.0 = Release|Any CPU
		{D116F011-CEB4-4722-BF20-1DD23E15D320}.Debug|Any CPU.ActiveCfg = Debug|Any CPU
		{D116F011-CEB4-4722-BF20-1DD23E15D320}.Debug|Any CPU.Build.0 = Debug|Any CPU
		{D116F011-CEB4-4722-BF20-1DD23E15D320}.Debug|x64.ActiveCfg = Debug|Any CPU
		{D116F011-CEB4-4722-BF20-1DD23E15D320}.Debug|x64.Build.0 = Debug|Any CPU
		{D116F011-CEB4-4722-BF20-1DD23E15D320}.Debug64|Any CPU.ActiveCfg = Debug|Any CPU
		{D116F011-CEB4-4722-BF20-1DD23E15D320}.Debug64|Any CPU.Build.0 = Debug|Any CPU
		{D116F011-CEB4-4722-BF20-1DD23E15D320}.Debug64|x64.ActiveCfg = Debug|Any CPU
		{D116F011-CEB4-4722-BF20-1DD23E15D320}.Debug64|x64.Build.0 = Debug|Any CPU
		{D116F011-CEB4-4722-BF20-1DD23E15D320}.Release|Any CPU.ActiveCfg = Release|Any CPU
		{D116F011-CEB4-4722-BF20-1DD23E15D320}.Release|Any CPU.Build.0 = Release|Any CPU
		{D116F011-CEB4-4722-BF20-1DD23E15D320}.Release|x64.ActiveCfg = Release|Any CPU
		{D116F011-CEB4-4722-BF20-1DD23E15D320}.Release|x64.Build.0 = Release|Any CPU
		{C2FE111E-FF69-4CA1-A97B-7DA1F3555EFB}.Debug|Any CPU.ActiveCfg = Debug|Any CPU
		{C2FE111E-FF69-4CA1-A97B-7DA1F3555EFB}.Debug|Any CPU.Build.0 = Debug|Any CPU
		{C2FE111E-FF69-4CA1-A97B-7DA1F3555EFB}.Debug|x64.ActiveCfg = Debug|Any CPU
		{C2FE111E-FF69-4CA1-A97B-7DA1F3555EFB}.Debug|x64.Build.0 = Debug|Any CPU
		{C2FE111E-FF69-4CA1-A97B-7DA1F3555EFB}.Debug64|Any CPU.ActiveCfg = Debug|Any CPU
		{C2FE111E-FF69-4CA1-A97B-7DA1F3555EFB}.Debug64|Any CPU.Build.0 = Debug|Any CPU
		{C2FE111E-FF69-4CA1-A97B-7DA1F3555EFB}.Debug64|x64.ActiveCfg = Debug|Any CPU
		{C2FE111E-FF69-4CA1-A97B-7DA1F3555EFB}.Debug64|x64.Build.0 = Debug|Any CPU
		{C2FE111E-FF69-4CA1-A97B-7DA1F3555EFB}.Release|Any CPU.ActiveCfg = Release|Any CPU
		{C2FE111E-FF69-4CA1-A97B-7DA1F3555EFB}.Release|Any CPU.Build.0 = Release|Any CPU
		{C2FE111E-FF69-4CA1-A97B-7DA1F3555EFB}.Release|x64.ActiveCfg = Release|Any CPU
		{C2FE111E-FF69-4CA1-A97B-7DA1F3555EFB}.Release|x64.Build.0 = Release|Any CPU
	EndGlobalSection
	GlobalSection(SolutionProperties) = preSolution
		HideSolutionNode = FALSE
	EndGlobalSection
	GlobalSection(ExtensibilityGlobals) = postSolution
		SolutionGuid = {FE950336-2CC3-4963-905A-C68F300A69EB}
	EndGlobalSection
EndGlobal
